
Microsoft Visual Studio Solution File, Format Version 12.00
# Visual Studio Version 16
VisualStudioVersion = 16.0.810.14
MinimumVisualStudioVersion = 10.0.40219.1
Project("{FAE04EC0-301F-11D3-BF4B-00C04F79EFBC}") = "APIDemo", "APIDemo\APIDemo.csproj", "{D68D54C8-7FF2-4A5B-A69B-EC6D302E6E7D}"
EndProject
Global
	GlobalSection(SolutionConfigurationPlatforms) = preSolution
		Debug|Any CPU = Debug|Any CPU
		Release|Any CPU = Release|Any CPU
	EndGlobalSection
	GlobalSection(ProjectConfigurationPlatforms) = postSolution
		{D68D54C8-7FF2-4A5B-A69B-EC6D302E6E7D}.Debug|Any CPU.ActiveCfg = Debug|Any CPU
		{D68D54C8-7FF2-4A5B-A69B-EC6D302E6E7D}.Debug|Any CPU.Build.0 = Debug|Any CPU
		{D68D54C8-7FF2-4A5B-A69B-EC6D302E6E7D}.Release|Any CPU.ActiveCfg = Release|Any CPU
		{D68D54C8-7FF2-4A5B-A69B-EC6D302E6E7D}.Release|Any CPU.Build.0 = Release|Any CPU
	EndGlobalSection
	GlobalSection(SolutionProperties) = preSolution
		HideSolutionNode = FALSE
	EndGlobalSection
	GlobalSection(ExtensibilityGlobals) = postSolution
		SolutionGuid = {33ED2B39-C98C-4AED-B737-4EF93C15F9F9}
	EndGlobalSection
EndGlobal
